
Microsoft Visual Studio Solution File, Format Version 12.00
# Visual Studio Version 17
VisualStudioVersion = 17.0.32112.339
MinimumVisualStudioVersion = 10.0.40219.1
Project("{FAE04EC0-301F-11D3-BF4B-00C04F79EFBC}") = "UnderstandingOOPSApplication", "UnderstandingOOPSApplication\UnderstandingOOPSApplication.csproj", "{E24C713E-50FA-4E7B-84E5-FC63E9CB6FDC}"
EndProject
Global
	GlobalSection(SolutionConfigurationPlatforms) = preSolution
		Debug|Any CPU = Debug|Any CPU
		Release|Any CPU = Release|Any CPU
	EndGlobalSection
	GlobalSection(ProjectConfigurationPlatforms) = postSolution
		{E24C713E-50FA-4E7B-84E5-FC63E9CB6FDC}.Debug|Any CPU.ActiveCfg = Debug|Any CPU
		{E24C713E-50FA-4E7B-84E5-FC63E9CB6FDC}.Debug|Any CPU.Build.0 = Debug|Any CPU
		{E24C713E-50FA-4E7B-84E5-FC63E9CB6FDC}.Release|Any CPU.ActiveCfg = Release|Any CPU
		{E24C713E-50FA-4E7B-84E5-FC63E9CB6FDC}.Release|Any CPU.Build.0 = Release|Any CPU
	EndGlobalSection
	GlobalSection(SolutionProperties) = preSolution
		HideSolutionNode = FALSE
	EndGlobalSection
	GlobalSection(ExtensibilityGlobals) = postSolution
		SolutionGuid = {F8E09444-602E-4795-81EF-B6ADE591A590}
	EndGlobalSection
EndGlobal
